
Microsoft Visual Studio Solution File, Format Version 12.00
# Visual Studio Version 17
VisualStudioVersion = 17.1.32328.378
MinimumVisualStudioVersion = 10.0.40219.1
Project("{FAE04EC0-301F-11D3-BF4B-00C04F79EFBC}") = "Asp.Net_6_code_first", "Asp.Net_6_code_first.csproj", "{5BF80167-A2E3-4FB9-9CE9-03DD7D6F50D6}"
EndProject
Global
	GlobalSection(SolutionConfigurationPlatforms) = preSolution
		Debug|Any CPU = Debug|Any CPU
		Release|Any CPU = Release|Any CPU
	EndGlobalSection
	GlobalSection(ProjectConfigurationPlatforms) = postSolution
		{5BF80167-A2E3-4FB9-9CE9-03DD7D6F50D6}.Debug|Any CPU.ActiveCfg = Debug|Any CPU
		{5BF80167-A2E3-4FB9-9CE9-03DD7D6F50D6}.Debug|Any CPU.Build.0 = Debug|Any CPU
		{5BF80167-A2E3-4FB9-9CE9-03DD7D6F50D6}.Release|Any CPU.ActiveCfg = Release|Any CPU
		{5BF80167-A2E3-4FB9-9CE9-03DD7D6F50D6}.Release|Any CPU.Build.0 = Release|Any CPU
	EndGlobalSection
	GlobalSection(SolutionProperties) = preSolution
		HideSolutionNode = FALSE
	EndGlobalSection
	GlobalSection(ExtensibilityGlobals) = postSolution
		SolutionGuid = {38501BD0-3AF3-4294-ADCB-919A839A0748}
	EndGlobalSection
EndGlobal
